
Microsoft Visual Studio Solution File, Format Version 12.00
# Visual Studio Version 16
VisualStudioVersion = 16.0.31129.286
MinimumVisualStudioVersion = 10.0.40219.1
Project("{FAE04EC0-301F-11D3-BF4B-00C04F79EFBC}") = "udemy_deneme1", "udemy_deneme1\udemy_deneme1.csproj", "{8C01FD11-55FD-41E5-BB46-B10926969C40}"
EndProject
Global
	GlobalSection(SolutionConfigurationPlatforms) = preSolution
		Debug|Any CPU = Debug|Any CPU
		Release|Any CPU = Release|Any CPU
	EndGlobalSection
	GlobalSection(ProjectConfigurationPlatforms) = postSolution
		{8C01FD11-55FD-41E5-BB46-B10926969C40}.Debug|Any CPU.ActiveCfg = Debug|Any CPU
		{8C01FD11-55FD-41E5-BB46-B10926969C40}.Debug|Any CPU.Build.0 = Debug|Any CPU
		{8C01FD11-55FD-41E5-BB46-B10926969C40}.Release|Any CPU.ActiveCfg = Release|Any CPU
		{8C01FD11-55FD-41E5-BB46-B10926969C40}.Release|Any CPU.Build.0 = Release|Any CPU
	EndGlobalSection
	GlobalSection(SolutionProperties) = preSolution
		HideSolutionNode = FALSE
	EndGlobalSection
	GlobalSection(ExtensibilityGlobals) = postSolution
		SolutionGuid = {1FA89568-DD81-47BC-BDC4-1A104DB0754A}
	EndGlobalSection
EndGlobal
